
Microsoft Visual Studio Solution File, Format Version 12.00
# Visual Studio 14
VisualStudioVersion = 14.0.25420.1
MinimumVisualStudioVersion = 10.0.40219.1
Project("{8BC9CEB8-8B4A-11D0-8D11-00A0C91BC942}") = "Enigma", "Enigma.vcxproj", "{F114EA9C-8832-4570-B97A-6DA8311E09EE}"
EndProject
Project("{8BC9CEB8-8B4A-11D0-8D11-00A0C91BC942}") = "EnigmaEngine", "EnigmaEngine\EnigmaEngine.vcxproj", "{83D6C510-0592-4C83-8D6B-4E289FE0574A}"
EndProject
Project("{8BC9CEB8-8B4A-11D0-8D11-00A0C91BC942}") = "EnigmaEngineTests", "EnigmaEngineTests\EnigmaEngineTests.vcxproj", "{DDB760CC-5495-4092-BDB7-407DB4217486}"
EndProject
Global
	GlobalSection(SolutionConfigurationPlatforms) = preSolution
		Debug|ARM = Debug|ARM
		Debug|x64 = Debug|x64
		Debug|x86 = Debug|x86
		Release|ARM = Release|ARM
		Release|x64 = Release|x64
		Release|x86 = Release|x86
	EndGlobalSection
	GlobalSection(ProjectConfigurationPlatforms) = postSolution
		{F114EA9C-8832-4570-B97A-6DA8311E09EE}.Debug|ARM.ActiveCfg = Debug|Win32
		{F114EA9C-8832-4570-B97A-6DA8311E09EE}.Debug|x64.ActiveCfg = Debug|x64
		{F114EA9C-8832-4570-B97A-6DA8311E09EE}.Debug|x64.Build.0 = Debug|x64
		{F114EA9C-8832-4570-B97A-6DA8311E09EE}.Debug|x86.ActiveCfg = Debug|Win32
		{F114EA9C-8832-4570-B97A-6DA8311E09EE}.Debug|x86.Build.0 = Debug|Win32
		{F114EA9C-8832-4570-B97A-6DA8311E09EE}.Release|ARM.ActiveCfg = Release|Win32
		{F114EA9C-8832-4570-B97A-6DA8311E09EE}.Release|x64.ActiveCfg = Release|x64
		{F114EA9C-8832-4570-B97A-6DA8311E09EE}.Release|x64.Build.0 = Release|x64
		{F114EA9C-8832-4570-B97A-6DA8311E09EE}.Release|x86.ActiveCfg = Release|Win32
		{F114EA9C-8832-4570-B97A-6DA8311E09EE}.Release|x86.Build.0 = Release|Win32
		{83D6C510-0592-4C83-8D6B-4E289FE0574A}.Debug|ARM.ActiveCfg = Debug|ARM
		{83D6C510-0592-4C83-8D6B-4E289FE0574A}.Debug|ARM.Build.0 = Debug|ARM
		{83D6C510-0592-4C83-8D6B-4E289FE0574A}.Debug|x64.ActiveCfg = Debug|x64
		{83D6C510-0592-4C83-8D6B-4E289FE0574A}.Debug|x64.Build.0 = Debug|x64
		{83D6C510-0592-4C83-8D6B-4E289FE0574A}.Debug|x86.ActiveCfg = Debug|Win32
		{83D6C510-0592-4C83-8D6B-4E289FE0574A}.Debug|x86.Build.0 = Debug|Win32
		{83D6C510-0592-4C83-8D6B-4E289FE0574A}.Release|ARM.ActiveCfg = Release|ARM
		{83D6C510-0592-4C83-8D6B-4E289FE0574A}.Release|ARM.Build.0 = Release|ARM
		{83D6C510-0592-4C83-8D6B-4E289FE0574A}.Release|x64.ActiveCfg = Release|x64
		{83D6C510-0592-4C83-8D6B-4E289FE0574A}.Release|x64.Build.0 = Release|x64
		{83D6C510-0592-4C83-8D6B-4E289FE0574A}.Release|x86.ActiveCfg = Release|Win32
		{83D6C510-0592-4C83-8D6B-4E289FE0574A}.Release|x86.Build.0 = Release|Win32
		{DDB760CC-5495-4092-BDB7-407DB4217486}.Debug|ARM.ActiveCfg = Debug|Win32
		{DDB760CC-5495-4092-BDB7-407DB4217486}.Debug|x64.ActiveCfg = Debug|x64
		{DDB760CC-5495-4092-BDB7-407DB4217486}.Debug|x64.Build.0 = Debug|x64
		{DDB760CC-5495-4092-BDB7-407DB4217486}.Debug|x86.ActiveCfg = Debug|Win32
		{DDB760CC-5495-4092-BDB7-407DB4217486}.Debug|x86.Build.0 = Debug|Win32
		{DDB760CC-5495-4092-BDB7-407DB4217486}.Release|ARM.ActiveCfg = Release|Win32
		{DDB760CC-5495-4092-BDB7-407DB4217486}.Release|x64.ActiveCfg = Release|x64
		{DDB760CC-5495-4092-BDB7-407DB4217486}.Release|x64.Build.0 = Release|x64
		{DDB760CC-5495-4092-BDB7-407DB4217486}.Release|x86.ActiveCfg = Release|Win32
		{DDB760CC-5495-4092-BDB7-407DB4217486}.Release|x86.Build.0 = Release|Win32
	EndGlobalSection
	GlobalSection(SolutionProperties) = preSolution
		HideSolutionNode = FALSE
	EndGlobalSection
EndGlobal
