<?xml version="1.0" encoding="utf-8"?>
<Project ToolsVersion="14.0" xmlns="http://schemas.microsoft.com/developer/msbuild/2003">
  <ItemGroup>
    <Filter Include="Resource Files">
      <UniqueIdentifier>{67DA6AB6-F800-4c08-8B7A-83BB121AAD01}</UniqueIdentifier>
      <Extensions>rc;ico;cur;bmp;dlg;rc2;rct;bin;rgs;gif;jpg;jpeg;jpe;resx;tga;tiff;tif;png;wav;mfcribbon-ms</Extensions>
    </Filter>
  </ItemGroup>
  <ItemGroup>
    <ClCompile Include="EnigmaEngine.cpp" />
    <ClCompile Include="pch.cpp" />
    <ClCompile Include="EngineManager\EnigmaEngineManager.cpp">
      <Filter>Resource Files</Filter>
    </ClCompile>
    <ClCompile Include="BaseEntity\BaseEntity.cpp" />
    <ClCompile Include="BaseEntity\BaseEntityManager.cpp" />
  </ItemGroup>
  <ItemGroup>
    <ClInclude Include="EnigmaEngine.h" />
    <ClInclude Include="pch.h" />
    <ClInclude Include="targetver.h" />
    <ClInclude Include="EngineManager\EnigmaEngineManager.h">
      <Filter>Resource Files</Filter>
    </ClInclude>
    <ClInclude Include="BaseEntity\BaseEntity.h" />
    <ClInclude Include="BaseEntity\BaseEntityManager.h" />
    <ClInclude Include="BaseState\BaseState.h" />
  </ItemGroup>
</Project>